
Microsoft Visual Studio Solution File, Format Version 12.00
# Visual Studio Version 16
VisualStudioVersion = 16.0.30717.126
MinimumVisualStudioVersion = 10.0.40219.1
Project("{FAE04EC0-301F-11D3-BF4B-00C04F79EFBC}") = "PointCloudToGLB", "PointCloudToGLB.csproj", "{E7486BDE-860E-4BE1-A88D-BAD8038C2341}"
EndProject
Global
	GlobalSection(SolutionConfigurationPlatforms) = preSolution
		Debug|Any CPU = Debug|Any CPU
		Release|Any CPU = Release|Any CPU
	EndGlobalSection
	GlobalSection(ProjectConfigurationPlatforms) = postSolution
		{E7486BDE-860E-4BE1-A88D-BAD8038C2341}.Debug|Any CPU.ActiveCfg = Debug|Any CPU
		{E7486BDE-860E-4BE1-A88D-BAD8038C2341}.Debug|Any CPU.Build.0 = Debug|Any CPU
		{E7486BDE-860E-4BE1-A88D-BAD8038C2341}.Release|Any CPU.ActiveCfg = Release|Any CPU
		{E7486BDE-860E-4BE1-A88D-BAD8038C2341}.Release|Any CPU.Build.0 = Release|Any CPU
	EndGlobalSection
	GlobalSection(SolutionProperties) = preSolution
		HideSolutionNode = FALSE
	EndGlobalSection
	GlobalSection(ExtensibilityGlobals) = postSolution
		SolutionGuid = {3E161495-7630-46A8-B927-0B4A09E0237C}
	EndGlobalSection
EndGlobal
